{
  "name": "@voraciousdev/typescript-example",
  "version": "0.1.0",
  "lockfileVersion": 2,
  "requires": true,
  "packages": {
    "": {
      "name": "@voraciousdev/typescript-example",
      "version": "0.1.0",
      "hasInstallScript": true,
      "dependencies": {
        "@voraciousdev/do-the-thing": "file:lib/do-the-thing"
      },
      "devDependencies": {
        "typescript": "^4.8.2"
      }
    },
    "lib/do_the_thing": {
      "name": "@voraciousdev/do-the-thing",
      "version": "0.1.0",
      "extraneous": true,
      "devDependencies": {
        "typescript": "^4.8.2"
      }
    },
    "lib/do-the-thing": {
      "name": "@voraciousdev/do-the-thing",
      "version": "0.1.0",
      "devDependencies": {
        "typescript": "^4.8.2"
      }
    },
    "node_modules/@voraciousdev/do-the-thing": {
      "resolved": "lib/do-the-thing",
      "link": true
    },
    "node_modules/typescript": {
      "version": "4.8.2",
      "resolved": "https://registry.npmjs.org/typescript/-/typescript-4.8.2.tgz",
      "integrity": "sha512-C0I1UsrrDHo2fYI5oaCGbSejwX4ch+9Y5jTQELvovfmFkK3HHSZJB8MSJcWLmCUBzQBchCrZ9rMRV6GuNrvGtw==",
      "dev": true,
      "bin": {
        "tsc": "bin/tsc",
        "tsserver": "bin/tsserver"
      },
      "engines": {
        "node": ">=4.2.0"
      }
    }
  },
  "dependencies": {
    "@voraciousdev/do-the-thing": {
      "version": "file:lib/do-the-thing",
      "requires": {
        "typescript": "^4.8.2"
      }
    },
    "typescript": {
      "version": "4.8.2",
      "resolved": "https://registry.npmjs.org/typescript/-/typescript-4.8.2.tgz",
      "integrity": "sha512-C0I1UsrrDHo2fYI5oaCGbSejwX4ch+9Y5jTQELvovfmFkK3HHSZJB8MSJcWLmCUBzQBchCrZ9rMRV6GuNrvGtw==",
      "dev": true
    }
  }
}
